{
  "version": 4,
  "terraform_version": "1.7.3",
  "serial": 10,
  "lineage": "dd81a307-0369-39eb-909f-0f40f646bb58",
  "outputs": {},
  "resources": [
    {
      "mode": "managed",
      "type": "github_branch_default",
      "name": "main",
      "provider": "provider[\"registry.terraform.io/integrations/github\"]",
      "instances": [
        {
          "schema_version": 0,
          "attributes": {
            "branch": "main",
            "id": "PrivateVirtualMachine",
            "repository": "PrivateVirtualMachine"
          },
          "sensitive_attributes": [],
          "private": "bnVsbA==",
          "dependencies": [
            "github_repository.PrivateVirtualMachine"
          ]
        }
      ]
    },
    {
      "mode": "managed",
      "type": "github_branch_protection",
      "name": "default",
      "provider": "provider[\"registry.terraform.io/integrations/github\"]",
      "instances": [
        {
          "schema_version": 1,
          "attributes": {
            "allows_deletions": false,
            "allows_force_pushes": false,
            "blocks_creations": false,
            "enforce_admins": true,
            "id": "BPR_kwDOLa7Bzs4C1ZT8",
            "pattern": "main",
            "push_restrictions": [],
            "repository_id": "PrivateVirtualMachine",
            "require_conversation_resolution": true,
            "require_signed_commits": false,
            "required_linear_history": false,
            "required_pull_request_reviews": [],
            "required_status_checks": []
          },
          "sensitive_attributes": [],
          "private": "eyJzY2hlbWFfdmVyc2lvbiI6IjEifQ==",
          "dependencies": [
            "github_branch_default.main",
            "github_repository.PrivateVirtualMachine"
          ]
        }
      ]
    },
    {
      "mode": "managed",
      "type": "github_repository",
      "name": "PrivateVirtualMachine",
      "provider": "provider[\"registry.terraform.io/integrations/github\"]",
      "instances": [
        {
          "schema_version": 0,
          "attributes": {
            "allow_auto_merge": false,
            "allow_merge_commit": true,
            "allow_rebase_merge": true,
            "allow_squash_merge": true,
            "archive_on_destroy": null,
            "archived": false,
            "auto_init": true,
            "branches": [
              {
                "name": "main",
                "protected": true
              },
              {
                "name": "master",
                "protected": false
              }
            ],
            "default_branch": "main",
            "delete_branch_on_merge": false,
            "description": "This is a private repository for the virtual machine",
            "etag": "W/\"8c0e39a5010de7869f5a2b6f77caad950273ed90ef77db4634b62f7b54205efc\"",
            "full_name": "r-mol/PrivateVirtualMachine",
            "git_clone_url": "git://github.com/r-mol/PrivateVirtualMachine.git",
            "gitignore_template": "Terraform",
            "has_downloads": false,
            "has_issues": true,
            "has_projects": false,
            "has_wiki": true,
            "homepage_url": "",
            "html_url": "https://github.com/r-mol/PrivateVirtualMachine",
            "http_clone_url": "https://github.com/r-mol/PrivateVirtualMachine.git",
            "id": "PrivateVirtualMachine",
            "ignore_vulnerability_alerts_during_read": null,
            "is_template": false,
            "license_template": "mit",
            "merge_commit_message": "PR_TITLE",
            "merge_commit_title": "MERGE_MESSAGE",
            "name": "PrivateVirtualMachine",
            "node_id": "R_kgDOLa7Bzg",
            "pages": [],
            "private": false,
            "repo_id": 766427598,
            "squash_merge_commit_message": "COMMIT_MESSAGES",
            "squash_merge_commit_title": "COMMIT_OR_PR_TITLE",
            "ssh_clone_url": "git@github.com:r-mol/PrivateVirtualMachine.git",
            "svn_url": "https://github.com/r-mol/PrivateVirtualMachine",
            "template": [],
            "topics": [],
            "visibility": "public",
            "vulnerability_alerts": false
          },
          "sensitive_attributes": [],
          "private": "bnVsbA=="
        }
      ]
    }
  ],
  "check_results": null
}
