{
  "version": 4,
  "terraform_version": "1.7.3",
  "serial": 3,
  "lineage": "dd81a307-0369-39eb-909f-0f40f646bb58",
  "outputs": {},
  "resources": [
    {
      "mode": "managed",
      "type": "github_repository",
      "name": "private_vm",
      "provider": "provider[\"registry.terraform.io/integrations/github\"]",
      "instances": [
        {
          "status": "tainted",
          "schema_version": 0,
          "attributes": {
            "allow_auto_merge": false,
            "allow_merge_commit": true,
            "allow_rebase_merge": true,
            "allow_squash_merge": true,
            "archive_on_destroy": null,
            "archived": false,
            "auto_init": true,
            "branches": null,
            "default_branch": null,
            "delete_branch_on_merge": false,
            "description": "This is a private repository for the virtual machine",
            "etag": null,
            "full_name": null,
            "git_clone_url": null,
            "gitignore_template": "Terraform",
            "has_downloads": null,
            "has_issues": true,
            "has_projects": null,
            "has_wiki": true,
            "homepage_url": null,
            "html_url": null,
            "http_clone_url": null,
            "id": "Private-Virtual-Machine",
            "ignore_vulnerability_alerts_during_read": null,
            "is_template": null,
            "license_template": "mit",
            "merge_commit_message": "PR_TITLE",
            "merge_commit_title": "MERGE_MESSAGE",
            "name": "Private Virtual Machine",
            "node_id": null,
            "pages": [],
            "private": null,
            "repo_id": null,
            "squash_merge_commit_message": "COMMIT_MESSAGES",
            "squash_merge_commit_title": "COMMIT_OR_PR_TITLE",
            "ssh_clone_url": null,
            "svn_url": null,
            "template": [],
            "topics": null,
            "visibility": "public",
            "vulnerability_alerts": null
          },
          "sensitive_attributes": [],
          "private": "bnVsbA=="
        }
      ]
    }
  ],
  "check_results": null
}
